
Microsoft Visual Studio Solution File, Format Version 12.00
# Visual Studio Version 17
VisualStudioVersion = 17.0.31903.59
MinimumVisualStudioVersion = 10.0.40219.1
Project("{FAE04EC0-301F-11D3-BF4B-00C04F79EFBC}") = "Back", "Back\Back.csproj", "{8ADB6952-8826-4B34-B987-BE85E88B4ECB}"
EndProject
Project("{54A90642-561A-4BB1-A94E-469ADEE60C69}") = "front", "Front\front.esproj", "{87C5CFA1-BF39-4FC2-82A3-3B5BB7D0B1F2}"
EndProject
Global
	GlobalSection(SolutionConfigurationPlatforms) = preSolution
		Debug|Any CPU = Debug|Any CPU
		Release|Any CPU = Release|Any CPU
	EndGlobalSection
	GlobalSection(ProjectConfigurationPlatforms) = postSolution
		{8ADB6952-8826-4B34-B987-BE85E88B4ECB}.Debug|Any CPU.ActiveCfg = Debug|Any CPU
		{8ADB6952-8826-4B34-B987-BE85E88B4ECB}.Debug|Any CPU.Build.0 = Debug|Any CPU
		{8ADB6952-8826-4B34-B987-BE85E88B4ECB}.Release|Any CPU.ActiveCfg = Release|Any CPU
		{8ADB6952-8826-4B34-B987-BE85E88B4ECB}.Release|Any CPU.Build.0 = Release|Any CPU
		{87C5CFA1-BF39-4FC2-82A3-3B5BB7D0B1F2}.Debug|Any CPU.ActiveCfg = Debug|Any CPU
		{87C5CFA1-BF39-4FC2-82A3-3B5BB7D0B1F2}.Debug|Any CPU.Build.0 = Debug|Any CPU
		{87C5CFA1-BF39-4FC2-82A3-3B5BB7D0B1F2}.Debug|Any CPU.Deploy.0 = Debug|Any CPU
		{87C5CFA1-BF39-4FC2-82A3-3B5BB7D0B1F2}.Release|Any CPU.ActiveCfg = Release|Any CPU
		{87C5CFA1-BF39-4FC2-82A3-3B5BB7D0B1F2}.Release|Any CPU.Build.0 = Release|Any CPU
		{87C5CFA1-BF39-4FC2-82A3-3B5BB7D0B1F2}.Release|Any CPU.Deploy.0 = Release|Any CPU
	EndGlobalSection
	GlobalSection(SolutionProperties) = preSolution
		HideSolutionNode = FALSE
	EndGlobalSection
	GlobalSection(ExtensibilityGlobals) = postSolution
		SolutionGuid = {755256D2-46D1-4BBB-9828-055E9524D8C9}
	EndGlobalSection
EndGlobal
